// !$*UTF8*$!
{
	archiveVersion = 1;
	classes = {
	};
	objectVersion = 48;
	objects = {

/* Begin PBXBuildFile section */
		4DF3867C3110A6E02B15EE2F /* libPods-JBWSoftTestApp.a in Frameworks */ = {isa = PBXBuildFile; fileRef = 3771C2B7932286F895312CE7 /* libPods-JBWSoftTestApp.a */; };
		C27947C7203B257D00C33828 /* VVStoregeManager.m in Sources */ = {isa = PBXBuildFile; fileRef = C27947C6203B257D00C33828 /* VVStoregeManager.m */; };
		C2ADB87920307D4B006BC338 /* AppDelegate.m in Sources */ = {isa = PBXBuildFile; fileRef = C2ADB87820307D4B006BC338 /* AppDelegate.m */; };
		C2ADB87C20307D4B006BC338 /* VVLoginViewController.m in Sources */ = {isa = PBXBuildFile; fileRef = C2ADB87B20307D4B006BC338 /* VVLoginViewController.m */; };
		C2ADB88120307D4B006BC338 /* Assets.xcassets in Resources */ = {isa = PBXBuildFile; fileRef = C2ADB88020307D4B006BC338 /* Assets.xcassets */; };
		C2ADB88420307D4B006BC338 /* LaunchScreen.storyboard in Resources */ = {isa = PBXBuildFile; fileRef = C2ADB88220307D4B006BC338 /* LaunchScreen.storyboard */; };
		C2ADB88720307D4B006BC338 /* main.m in Sources */ = {isa = PBXBuildFile; fileRef = C2ADB88620307D4B006BC338 /* main.m */; };
		C2ADB88F20308EF3006BC338 /* VVServerManager.m in Sources */ = {isa = PBXBuildFile; fileRef = C2ADB88E20308EF3006BC338 /* VVServerManager.m */; };
		C2ADB8A72033B13C006BC338 /* VVBaseViewController.m in Sources */ = {isa = PBXBuildFile; fileRef = C2ADB8A62033B13C006BC338 /* VVBaseViewController.m */; };
		C2ADB8AA2033BB9D006BC338 /* Main.storyboard in Resources */ = {isa = PBXBuildFile; fileRef = C2ADB8A82033BB9D006BC338 /* Main.storyboard */; };
/* End PBXBuildFile section */

/* Begin PBXFileReference section */
		3771C2B7932286F895312CE7 /* libPods-JBWSoftTestApp.a */ = {isa = PBXFileReference; explicitFileType = archive.ar; includeInIndex = 0; path = "libPods-JBWSoftTestApp.a"; sourceTree = BUILT_PRODUCTS_DIR; };
		C27947C5203B257D00C33828 /* VVStoregeManager.h */ = {isa = PBXFileReference; lastKnownFileType = sourcecode.c.h; path = VVStoregeManager.h; sourceTree = "<group>"; };
		C27947C6203B257D00C33828 /* VVStoregeManager.m */ = {isa = PBXFileReference; lastKnownFileType = sourcecode.c.objc; path = VVStoregeManager.m; sourceTree = "<group>"; };
		C2ADB87420307D4B006BC338 /* JBWSoftTestApp.app */ = {isa = PBXFileReference; explicitFileType = wrapper.application; includeInIndex = 0; path = JBWSoftTestApp.app; sourceTree = BUILT_PRODUCTS_DIR; };
		C2ADB87720307D4B006BC338 /* AppDelegate.h */ = {isa = PBXFileReference; lastKnownFileType = sourcecode.c.h; path = AppDelegate.h; sourceTree = "<group>"; };
		C2ADB87820307D4B006BC338 /* AppDelegate.m */ = {isa = PBXFileReference; lastKnownFileType = sourcecode.c.objc; path = AppDelegate.m; sourceTree = "<group>"; };
		C2ADB87A20307D4B006BC338 /* VVLoginViewController.h */ = {isa = PBXFileReference; lastKnownFileType = sourcecode.c.h; path = VVLoginViewController.h; sourceTree = "<group>"; };
		C2ADB87B20307D4B006BC338 /* VVLoginViewController.m */ = {isa = PBXFileReference; lastKnownFileType = sourcecode.c.objc; path = VVLoginViewController.m; sourceTree = "<group>"; };
		C2ADB88020307D4B006BC338 /* Assets.xcassets */ = {isa = PBXFileReference; lastKnownFileType = folder.assetcatalog; path = Assets.xcassets; sourceTree = "<group>"; };
		C2ADB88320307D4B006BC338 /* Base */ = {isa = PBXFileReference; lastKnownFileType = file.storyboard; name = Base; path = Base.lproj/LaunchScreen.storyboard; sourceTree = "<group>"; };
		C2ADB88520307D4B006BC338 /* Info.plist */ = {isa = PBXFileReference; lastKnownFileType = text.plist.xml; path = Info.plist; sourceTree = "<group>"; };
		C2ADB88620307D4B006BC338 /* main.m */ = {isa = PBXFileReference; lastKnownFileType = sourcecode.c.objc; path = main.m; sourceTree = "<group>"; };
		C2ADB88D20308EF3006BC338 /* VVServerManager.h */ = {isa = PBXFileReference; lastKnownFileType = sourcecode.c.h; path = VVServerManager.h; sourceTree = "<group>"; };
		C2ADB88E20308EF3006BC338 /* VVServerManager.m */ = {isa = PBXFileReference; lastKnownFileType = sourcecode.c.objc; path = VVServerManager.m; sourceTree = "<group>"; };
		C2ADB8A52033B13C006BC338 /* VVBaseViewController.h */ = {isa = PBXFileReference; lastKnownFileType = sourcecode.c.h; path = VVBaseViewController.h; sourceTree = "<group>"; };
		C2ADB8A62033B13C006BC338 /* VVBaseViewController.m */ = {isa = PBXFileReference; lastKnownFileType = sourcecode.c.objc; path = VVBaseViewController.m; sourceTree = "<group>"; };
		C2ADB8A92033BB9D006BC338 /* Base */ = {isa = PBXFileReference; lastKnownFileType = file.storyboard; name = Base; path = Base.lproj/Main.storyboard; sourceTree = "<group>"; };
		EFA17691BEA4DC87A29FA902 /* Pods-JBWSoftTestApp.debug.xcconfig */ = {isa = PBXFileReference; includeInIndex = 1; lastKnownFileType = text.xcconfig; name = "Pods-JBWSoftTestApp.debug.xcconfig"; path = "Pods/Target Support Files/Pods-JBWSoftTestApp/Pods-JBWSoftTestApp.debug.xcconfig"; sourceTree = "<group>"; };
		F230E885F90F8E17B31461AA /* Pods-JBWSoftTestApp.release.xcconfig */ = {isa = PBXFileReference; includeInIndex = 1; lastKnownFileType = text.xcconfig; name = "Pods-JBWSoftTestApp.release.xcconfig"; path = "Pods/Target Support Files/Pods-JBWSoftTestApp/Pods-JBWSoftTestApp.release.xcconfig"; sourceTree = "<group>"; };
/* End PBXFileReference section */

/* Begin PBXFrameworksBuildPhase section */
		C2ADB87120307D4B006BC338 /* Frameworks */ = {
			isa = PBXFrameworksBuildPhase;
			buildActionMask = 2147483647;
			files = (
				4DF3867C3110A6E02B15EE2F /* libPods-JBWSoftTestApp.a in Frameworks */,
			);
			runOnlyForDeploymentPostprocessing = 0;
		};
/* End PBXFrameworksBuildPhase section */

/* Begin PBXGroup section */
		23F8AD2547C033C2C96F1EA8 /* Frameworks */ = {
			isa = PBXGroup;
			children = (
				3771C2B7932286F895312CE7 /* libPods-JBWSoftTestApp.a */,
			);
			name = Frameworks;
			sourceTree = "<group>";
		};
		2D28A76393F84617E6134212 /* Pods */ = {
			isa = PBXGroup;
			children = (
				EFA17691BEA4DC87A29FA902 /* Pods-JBWSoftTestApp.debug.xcconfig */,
				F230E885F90F8E17B31461AA /* Pods-JBWSoftTestApp.release.xcconfig */,
			);
			name = Pods;
			sourceTree = "<group>";
		};
		C2ADB86B20307D4B006BC338 = {
			isa = PBXGroup;
			children = (
				C2ADB87620307D4B006BC338 /* JBWSoftTestApp */,
				C2ADB87520307D4B006BC338 /* Products */,
				2D28A76393F84617E6134212 /* Pods */,
				23F8AD2547C033C2C96F1EA8 /* Frameworks */,
			);
			sourceTree = "<group>";
		};
		C2ADB87520307D4B006BC338 /* Products */ = {
			isa = PBXGroup;
			children = (
				C2ADB87420307D4B006BC338 /* JBWSoftTestApp.app */,
			);
			name = Products;
			sourceTree = "<group>";
		};
		C2ADB87620307D4B006BC338 /* JBWSoftTestApp */ = {
			isa = PBXGroup;
			children = (
				C2ADB89020309686006BC338 /* Libs */,
				C2ADB87720307D4B006BC338 /* AppDelegate.h */,
				C2ADB87820307D4B006BC338 /* AppDelegate.m */,
				C2ADB87A20307D4B006BC338 /* VVLoginViewController.h */,
				C2ADB87B20307D4B006BC338 /* VVLoginViewController.m */,
				C2ADB88D20308EF3006BC338 /* VVServerManager.h */,
				C2ADB88E20308EF3006BC338 /* VVServerManager.m */,
				C2ADB8A52033B13C006BC338 /* VVBaseViewController.h */,
				C2ADB8A62033B13C006BC338 /* VVBaseViewController.m */,
				C27947C5203B257D00C33828 /* VVStoregeManager.h */,
				C27947C6203B257D00C33828 /* VVStoregeManager.m */,
				C2ADB88020307D4B006BC338 /* Assets.xcassets */,
				C2ADB8A82033BB9D006BC338 /* Main.storyboard */,
				C2ADB88220307D4B006BC338 /* LaunchScreen.storyboard */,
				C2ADB88520307D4B006BC338 /* Info.plist */,
				C2ADB88620307D4B006BC338 /* main.m */,
			);
			path = JBWSoftTestApp;
			sourceTree = "<group>";
		};
		C2ADB89020309686006BC338 /* Libs */ = {
			isa = PBXGroup;
			children = (
			);
			path = Libs;
			sourceTree = "<group>";
		};
/* End PBXGroup section */

/* Begin PBXNativeTarget section */
		C2ADB87320307D4B006BC338 /* JBWSoftTestApp */ = {
			isa = PBXNativeTarget;
			buildConfigurationList = C2ADB88A20307D4B006BC338 /* Build configuration list for PBXNativeTarget "JBWSoftTestApp" */;
			buildPhases = (
				2A33A548E4E6A1602405B371 /* [CP] Check Pods Manifest.lock */,
				C2ADB87020307D4B006BC338 /* Sources */,
				C2ADB87120307D4B006BC338 /* Frameworks */,
				C2ADB87220307D4B006BC338 /* Resources */,
				D8AB2131E98DA346858CF675 /* [CP] Embed Pods Frameworks */,
				FE0AEE1CAD58E98631549DAC /* [CP] Copy Pods Resources */,
			);
			buildRules = (
			);
			dependencies = (
			);
			name = JBWSoftTestApp;
			productName = JBWSoftTestApp;
			productReference = C2ADB87420307D4B006BC338 /* JBWSoftTestApp.app */;
			productType = "com.apple.product-type.application";
		};
/* End PBXNativeTarget section */

/* Begin PBXProject section */
		C2ADB86C20307D4B006BC338 /* Project object */ = {
			isa = PBXProject;
			attributes = {
				LastUpgradeCheck = 0920;
				ORGANIZATIONNAME = "Viacheslav Varusha";
				TargetAttributes = {
					C2ADB87320307D4B006BC338 = {
						CreatedOnToolsVersion = 9.2;
						ProvisioningStyle = Automatic;
					};
				};
			};
			buildConfigurationList = C2ADB86F20307D4B006BC338 /* Build configuration list for PBXProject "JBWSoftTestApp" */;
			compatibilityVersion = "Xcode 8.0";
			developmentRegion = en;
			hasScannedForEncodings = 0;
			knownRegions = (
				en,
				Base,
			);
			mainGroup = C2ADB86B20307D4B006BC338;
			productRefGroup = C2ADB87520307D4B006BC338 /* Products */;
			projectDirPath = "";
			projectRoot = "";
			targets = (
				C2ADB87320307D4B006BC338 /* JBWSoftTestApp */,
			);
		};
/* End PBXProject section */

/* Begin PBXResourcesBuildPhase section */
		C2ADB87220307D4B006BC338 /* Resources */ = {
			isa = PBXResourcesBuildPhase;
			buildActionMask = 2147483647;
			files = (
				C2ADB8AA2033BB9D006BC338 /* Main.storyboard in Resources */,
				C2ADB88420307D4B006BC338 /* LaunchScreen.storyboard in Resources */,
				C2ADB88120307D4B006BC338 /* Assets.xcassets in Resources */,
			);
			runOnlyForDeploymentPostprocessing = 0;
		};
/* End PBXResourcesBuildPhase section */

/* Begin PBXShellScriptBuildPhase section */
		2A33A548E4E6A1602405B371 /* [CP] Check Pods Manifest.lock */ = {
			isa = PBXShellScriptBuildPhase;
			buildActionMask = 2147483647;
			files = (
			);
			inputPaths = (
				"${PODS_PODFILE_DIR_PATH}/Podfile.lock",
				"${PODS_ROOT}/Manifest.lock",
			);
			name = "[CP] Check Pods Manifest.lock";
			outputPaths = (
				"$(DERIVED_FILE_DIR)/Pods-JBWSoftTestApp-checkManifestLockResult.txt",
			);
			runOnlyForDeploymentPostprocessing = 0;
			shellPath = /bin/sh;
			shellScript = "diff \"${PODS_PODFILE_DIR_PATH}/Podfile.lock\" \"${PODS_ROOT}/Manifest.lock\" > /dev/null\nif [ $? != 0 ] ; then\n    # print error to STDERR\n    echo \"error: The sandbox is not in sync with the Podfile.lock. Run 'pod install' or update your CocoaPods installation.\" >&2\n    exit 1\nfi\n# This output is used by Xcode 'outputs' to avoid re-running this script phase.\necho \"SUCCESS\" > \"${SCRIPT_OUTPUT_FILE_0}\"\n";
			showEnvVarsInLog = 0;
		};
		D8AB2131E98DA346858CF675 /* [CP] Embed Pods Frameworks */ = {
			isa = PBXShellScriptBuildPhase;
			buildActionMask = 2147483647;
			files = (
			);
			inputPaths = (
			);
			name = "[CP] Embed Pods Frameworks";
			outputPaths = (
			);
			runOnlyForDeploymentPostprocessing = 0;
			shellPath = /bin/sh;
			shellScript = "\"${SRCROOT}/Pods/Target Support Files/Pods-JBWSoftTestApp/Pods-JBWSoftTestApp-frameworks.sh\"\n";
			showEnvVarsInLog = 0;
		};
		FE0AEE1CAD58E98631549DAC /* [CP] Copy Pods Resources */ = {
			isa = PBXShellScriptBuildPhase;
			buildActionMask = 2147483647;
			files = (
			);
			inputPaths = (
			);
			name = "[CP] Copy Pods Resources";
			outputPaths = (
			);
			runOnlyForDeploymentPostprocessing = 0;
			shellPath = /bin/sh;
			shellScript = "\"${SRCROOT}/Pods/Target Support Files/Pods-JBWSoftTestApp/Pods-JBWSoftTestApp-resources.sh\"\n";
			showEnvVarsInLog = 0;
		};
/* End PBXShellScriptBuildPhase section */

/* Begin PBXSourcesBuildPhase section */
		C2ADB87020307D4B006BC338 /* Sources */ = {
			isa = PBXSourcesBuildPhase;
			buildActionMask = 2147483647;
			files = (
				C2ADB87C20307D4B006BC338 /* VVLoginViewController.m in Sources */,
				C27947C7203B257D00C33828 /* VVStoregeManager.m in Sources */,
				C2ADB88720307D4B006BC338 /* main.m in Sources */,
				C2ADB88F20308EF3006BC338 /* VVServerManager.m in Sources */,
				C2ADB8A72033B13C006BC338 /* VVBaseViewController.m in Sources */,
				C2ADB87920307D4B006BC338 /* AppDelegate.m in Sources */,
			);
			runOnlyForDeploymentPostprocessing = 0;
		};
/* End PBXSourcesBuildPhase section */

/* Begin PBXVariantGroup section */
		C2ADB88220307D4B006BC338 /* LaunchScreen.storyboard */ = {
			isa = PBXVariantGroup;
			children = (
				C2ADB88320307D4B006BC338 /* Base */,
			);
			name = LaunchScreen.storyboard;
			sourceTree = "<group>";
		};
		C2ADB8A82033BB9D006BC338 /* Main.storyboard */ = {
			isa = PBXVariantGroup;
			children = (
				C2ADB8A92033BB9D006BC338 /* Base */,
			);
			name = Main.storyboard;
			sourceTree = "<group>";
		};
/* End PBXVariantGroup section */

/* Begin XCBuildConfiguration section */
		C2ADB88820307D4B006BC338 /* Debug */ = {
			isa = XCBuildConfiguration;
			buildSettings = {
				ALWAYS_SEARCH_USER_PATHS = NO;
				CLANG_ANALYZER_NONNULL = YES;
				CLANG_ANALYZER_NUMBER_OBJECT_CONVERSION = YES_AGGRESSIVE;
				CLANG_CXX_LANGUAGE_STANDARD = "gnu++14";
				CLANG_CXX_LIBRARY = "libc++";
				CLANG_ENABLE_MODULES = YES;
				CLANG_ENABLE_OBJC_ARC = YES;
				CLANG_WARN_BLOCK_CAPTURE_AUTORELEASING = YES;
				CLANG_WARN_BOOL_CONVERSION = YES;
				CLANG_WARN_COMMA = YES;
				CLANG_WARN_CONSTANT_CONVERSION = YES;
				CLANG_WARN_DIRECT_OBJC_ISA_USAGE = YES_ERROR;
				CLANG_WARN_DOCUMENTATION_COMMENTS = YES;
				CLANG_WARN_EMPTY_BODY = YES;
				CLANG_WARN_ENUM_CONVERSION = YES;
				CLANG_WARN_INFINITE_RECURSION = YES;
				CLANG_WARN_INT_CONVERSION = YES;
				CLANG_WARN_NON_LITERAL_NULL_CONVERSION = YES;
				CLANG_WARN_OBJC_LITERAL_CONVERSION = YES;
				CLANG_WARN_OBJC_ROOT_CLASS = YES_ERROR;
				CLANG_WARN_RANGE_LOOP_ANALYSIS = YES;
				CLANG_WARN_STRICT_PROTOTYPES = YES;
				CLANG_WARN_SUSPICIOUS_MOVE = YES;
				CLANG_WARN_UNGUARDED_AVAILABILITY = YES_AGGRESSIVE;
				CLANG_WARN_UNREACHABLE_CODE = YES;
				CLANG_WARN__DUPLICATE_METHOD_MATCH = YES;
				CODE_SIGN_IDENTITY = "iPhone Developer";
				COPY_PHASE_STRIP = NO;
				DEBUG_INFORMATION_FORMAT = dwarf;
				ENABLE_STRICT_OBJC_MSGSEND = YES;
				ENABLE_TESTABILITY = YES;
				GCC_C_LANGUAGE_STANDARD = gnu11;
				GCC_DYNAMIC_NO_PIC = NO;
				GCC_NO_COMMON_BLOCKS = YES;
				GCC_OPTIMIZATION_LEVEL = 0;
				GCC_PREPROCESSOR_DEFINITIONS = (
					"DEBUG=1",
					"$(inherited)",
				);
				GCC_WARN_64_TO_32_BIT_CONVERSION = YES;
				GCC_WARN_ABOUT_RETURN_TYPE = YES_ERROR;
				GCC_WARN_UNDECLARED_SELECTOR = YES;
				GCC_WARN_UNINITIALIZED_AUTOS = YES_AGGRESSIVE;
				GCC_WARN_UNUSED_FUNCTION = YES;
				GCC_WARN_UNUSED_VARIABLE = YES;
				IPHONEOS_DEPLOYMENT_TARGET = 11.2;
				MTL_ENABLE_DEBUG_INFO = YES;
				ONLY_ACTIVE_ARCH = YES;
				SDKROOT = iphoneos;
			};
			name = Debug;
		};
		C2ADB88920307D4B006BC338 /* Release */ = {
			isa = XCBuildConfiguration;
			buildSettings = {
				ALWAYS_SEARCH_USER_PATHS = NO;
				CLANG_ANALYZER_NONNULL = YES;
				CLANG_ANALYZER_NUMBER_OBJECT_CONVERSION = YES_AGGRESSIVE;
				CLANG_CXX_LANGUAGE_STANDARD = "gnu++14";
				CLANG_CXX_LIBRARY = "libc++";
				CLANG_ENABLE_MODULES = YES;
				CLANG_ENABLE_OBJC_ARC = YES;
				CLANG_WARN_BLOCK_CAPTURE_AUTORELEASING = YES;
				CLANG_WARN_BOOL_CONVERSION = YES;
				CLANG_WARN_COMMA = YES;
				CLANG_WARN_CONSTANT_CONVERSION = YES;
				CLANG_WARN_DIRECT_OBJC_ISA_USAGE = YES_ERROR;
				CLANG_WARN_DOCUMENTATION_COMMENTS = YES;
				CLANG_WARN_EMPTY_BODY = YES;
				CLANG_WARN_ENUM_CONVERSION = YES;
				CLANG_WARN_INFINITE_RECURSION = YES;
				CLANG_WARN_INT_CONVERSION = YES;
				CLANG_WARN_NON_LITERAL_NULL_CONVERSION = YES;
				CLANG_WARN_OBJC_LITERAL_CONVERSION = YES;
				CLANG_WARN_OBJC_ROOT_CLASS = YES_ERROR;
				CLANG_WARN_RANGE_LOOP_ANALYSIS = YES;
				CLANG_WARN_STRICT_PROTOTYPES = YES;
				CLANG_WARN_SUSPICIOUS_MOVE = YES;
				CLANG_WARN_UNGUARDED_AVAILABILITY = YES_AGGRESSIVE;
				CLANG_WARN_UNREACHABLE_CODE = YES;
				CLANG_WARN__DUPLICATE_METHOD_MATCH = YES;
				CODE_SIGN_IDENTITY = "iPhone Developer";
				COPY_PHASE_STRIP = NO;
				DEBUG_INFORMATION_FORMAT = "dwarf-with-dsym";
				ENABLE_NS_ASSERTIONS = NO;
				ENABLE_STRICT_OBJC_MSGSEND = YES;
				GCC_C_LANGUAGE_STANDARD = gnu11;
				GCC_NO_COMMON_BLOCKS = YES;
				GCC_WARN_64_TO_32_BIT_CONVERSION = YES;
				GCC_WARN_ABOUT_RETURN_TYPE = YES_ERROR;
				GCC_WARN_UNDECLARED_SELECTOR = YES;
				GCC_WARN_UNINITIALIZED_AUTOS = YES_AGGRESSIVE;
				GCC_WARN_UNUSED_FUNCTION = YES;
				GCC_WARN_UNUSED_VARIABLE = YES;
				IPHONEOS_DEPLOYMENT_TARGET = 11.2;
				MTL_ENABLE_DEBUG_INFO = NO;
				SDKROOT = iphoneos;
				VALIDATE_PRODUCT = YES;
			};
			name = Release;
		};
		C2ADB88B20307D4B006BC338 /* Debug */ = {
			isa = XCBuildConfiguration;
			baseConfigurationReference = EFA17691BEA4DC87A29FA902 /* Pods-JBWSoftTestApp.debug.xcconfig */;
			buildSettings = {
				ASSETCATALOG_COMPILER_APPICON_NAME = AppIcon;
				CODE_SIGN_STYLE = Automatic;
				DEVELOPMENT_TEAM = 656TBY77Q9;
				INFOPLIST_FILE = JBWSoftTestApp/Info.plist;
				LD_RUNPATH_SEARCH_PATHS = "$(inherited) @executable_path/Frameworks";
				PRODUCT_BUNDLE_IDENTIFIER = com.vv.JBWSoftTestApp;
				PRODUCT_NAME = "$(TARGET_NAME)";
				TARGETED_DEVICE_FAMILY = "1,2";
			};
			name = Debug;
		};
		C2ADB88C20307D4B006BC338 /* Release */ = {
			isa = XCBuildConfiguration;
			baseConfigurationReference = F230E885F90F8E17B31461AA /* Pods-JBWSoftTestApp.release.xcconfig */;
			buildSettings = {
				ASSETCATALOG_COMPILER_APPICON_NAME = AppIcon;
				CODE_SIGN_STYLE = Automatic;
				DEVELOPMENT_TEAM = 656TBY77Q9;
				INFOPLIST_FILE = JBWSoftTestApp/Info.plist;
				LD_RUNPATH_SEARCH_PATHS = "$(inherited) @executable_path/Frameworks";
				PRODUCT_BUNDLE_IDENTIFIER = com.vv.JBWSoftTestApp;
				PRODUCT_NAME = "$(TARGET_NAME)";
				TARGETED_DEVICE_FAMILY = "1,2";
			};
			name = Release;
		};
/* End XCBuildConfiguration section */

/* Begin XCConfigurationList section */
		C2ADB86F20307D4B006BC338 /* Build configuration list for PBXProject "JBWSoftTestApp" */ = {
			isa = XCConfigurationList;
			buildConfigurations = (
				C2ADB88820307D4B006BC338 /* Debug */,
				C2ADB88920307D4B006BC338 /* Release */,
			);
			defaultConfigurationIsVisible = 0;
			defaultConfigurationName = Release;
		};
		C2ADB88A20307D4B006BC338 /* Build configuration list for PBXNativeTarget "JBWSoftTestApp" */ = {
			isa = XCConfigurationList;
			buildConfigurations = (
				C2ADB88B20307D4B006BC338 /* Debug */,
				C2ADB88C20307D4B006BC338 /* Release */,
			);
			defaultConfigurationIsVisible = 0;
			defaultConfigurationName = Release;
		};
/* End XCConfigurationList section */
	};
	rootObject = C2ADB86C20307D4B006BC338 /* Project object */;
}
